
Microsoft Visual Studio Solution File, Format Version 12.00
# Visual Studio 15
VisualStudioVersion = 15.0.28307.421
MinimumVisualStudioVersion = 10.0.40219.1
Project("{2150E333-8FDC-42A3-9474-1A3956D46DE8}") = "0_thirdparty", "0_thirdparty", "{DF1F0DA0-2D54-485F-9AD9-908CA8300418}"
EndProject
Project("{8BC9CEB8-8B4A-11D0-8D11-00A0C91BC942}") = "libminizip", "thirdparty\minizip-1.1\libminizip.vcxproj", "{42CF0266-F5EF-4A0B-9759-D733FC17539B}"
EndProject
Project("{8BC9CEB8-8B4A-11D0-8D11-00A0C91BC942}") = "libzlib", "thirdparty\zlib-1.2.12\libzlib.vcxproj", "{98370A1A-2305-3AE1-8D6B-0841290DE59E}"
EndProject
Project("{2150E333-8FDC-42A3-9474-1A3956D46DE8}") = "1_demo", "1_demo", "{E4841565-D83B-4195-90E1-95B3E7C3646B}"
EndProject
Project("{2150E333-8FDC-42A3-9474-1A3956D46DE8}") = "test", "test", "{6CE77D8F-CD8A-4F8A-9F5E-DEADBB44BC49}"
EndProject
Project("{8BC9CEB8-8B4A-11D0-8D11-00A0C91BC942}") = "miniunz", "demo\test\miniunz.vcxproj", "{C52F9E7B-498A-42BE-8DB4-85A15694382A}"
	ProjectSection(ProjectDependencies) = postProject
		{98370A1A-2305-3AE1-8D6B-0841290DE59E} = {98370A1A-2305-3AE1-8D6B-0841290DE59E}
		{42CF0266-F5EF-4A0B-9759-D733FC17539B} = {42CF0266-F5EF-4A0B-9759-D733FC17539B}
	EndProjectSection
EndProject
Project("{8BC9CEB8-8B4A-11D0-8D11-00A0C91BC942}") = "minizip", "demo\test\minizip.vcxproj", "{48CDD9DC-E09F-4135-9C0C-4FE50C3C654B}"
	ProjectSection(ProjectDependencies) = postProject
		{98370A1A-2305-3AE1-8D6B-0841290DE59E} = {98370A1A-2305-3AE1-8D6B-0841290DE59E}
		{42CF0266-F5EF-4A0B-9759-D733FC17539B} = {42CF0266-F5EF-4A0B-9759-D733FC17539B}
	EndProjectSection
EndProject
Project("{2150E333-8FDC-42A3-9474-1A3956D46DE8}") = "0_lib", "0_lib", "{5AA8B6B1-0F6C-473A-8077-A2B591952D0E}"
EndProject
Project("{2150E333-8FDC-42A3-9474-1A3956D46DE8}") = "1_dll", "1_dll", "{07A64E55-DDE6-4462-B6DB-328CB4AF682E}"
EndProject
Project("{8BC9CEB8-8B4A-11D0-8D11-00A0C91BC942}") = "zlib", "thirdparty\zlib-1.2.12\zlib.vcxproj", "{A0AFD9EC-79C8-36CE-B0E8-1B7699B493C9}"
EndProject
Project("{8BC9CEB8-8B4A-11D0-8D11-00A0C91BC942}") = "minizip", "thirdparty\minizip-1.1\minizip.vcxproj", "{5407C005-395A-44EE-A0D9-0ADE1DA61912}"
	ProjectSection(ProjectDependencies) = postProject
		{A0AFD9EC-79C8-36CE-B0E8-1B7699B493C9} = {A0AFD9EC-79C8-36CE-B0E8-1B7699B493C9}
	EndProjectSection
EndProject
Global
	GlobalSection(SolutionConfigurationPlatforms) = preSolution
		Debug|x64 = Debug|x64
		Release|x64 = Release|x64
	EndGlobalSection
	GlobalSection(ProjectConfigurationPlatforms) = postSolution
		{42CF0266-F5EF-4A0B-9759-D733FC17539B}.Debug|x64.ActiveCfg = Debug|x64
		{42CF0266-F5EF-4A0B-9759-D733FC17539B}.Debug|x64.Build.0 = Debug|x64
		{42CF0266-F5EF-4A0B-9759-D733FC17539B}.Release|x64.ActiveCfg = Release|x64
		{42CF0266-F5EF-4A0B-9759-D733FC17539B}.Release|x64.Build.0 = Release|x64
		{98370A1A-2305-3AE1-8D6B-0841290DE59E}.Debug|x64.ActiveCfg = Debug|x64
		{98370A1A-2305-3AE1-8D6B-0841290DE59E}.Debug|x64.Build.0 = Debug|x64
		{98370A1A-2305-3AE1-8D6B-0841290DE59E}.Release|x64.ActiveCfg = Release|x64
		{98370A1A-2305-3AE1-8D6B-0841290DE59E}.Release|x64.Build.0 = Release|x64
		{C52F9E7B-498A-42BE-8DB4-85A15694382A}.Debug|x64.ActiveCfg = Debug|x64
		{C52F9E7B-498A-42BE-8DB4-85A15694382A}.Debug|x64.Build.0 = Debug|x64
		{C52F9E7B-498A-42BE-8DB4-85A15694382A}.Release|x64.ActiveCfg = Release|x64
		{C52F9E7B-498A-42BE-8DB4-85A15694382A}.Release|x64.Build.0 = Release|x64
		{48CDD9DC-E09F-4135-9C0C-4FE50C3C654B}.Debug|x64.ActiveCfg = Debug|x64
		{48CDD9DC-E09F-4135-9C0C-4FE50C3C654B}.Debug|x64.Build.0 = Debug|x64
		{48CDD9DC-E09F-4135-9C0C-4FE50C3C654B}.Release|x64.ActiveCfg = Release|x64
		{48CDD9DC-E09F-4135-9C0C-4FE50C3C654B}.Release|x64.Build.0 = Release|x64
		{A0AFD9EC-79C8-36CE-B0E8-1B7699B493C9}.Debug|x64.ActiveCfg = Debug|x64
		{A0AFD9EC-79C8-36CE-B0E8-1B7699B493C9}.Debug|x64.Build.0 = Debug|x64
		{A0AFD9EC-79C8-36CE-B0E8-1B7699B493C9}.Release|x64.ActiveCfg = Release|x64
		{A0AFD9EC-79C8-36CE-B0E8-1B7699B493C9}.Release|x64.Build.0 = Release|x64
		{5407C005-395A-44EE-A0D9-0ADE1DA61912}.Debug|x64.ActiveCfg = Debug|x64
		{5407C005-395A-44EE-A0D9-0ADE1DA61912}.Debug|x64.Build.0 = Debug|x64
		{5407C005-395A-44EE-A0D9-0ADE1DA61912}.Release|x64.ActiveCfg = Release|x64
		{5407C005-395A-44EE-A0D9-0ADE1DA61912}.Release|x64.Build.0 = Release|x64
	EndGlobalSection
	GlobalSection(SolutionProperties) = preSolution
		HideSolutionNode = FALSE
	EndGlobalSection
	GlobalSection(NestedProjects) = preSolution
		{42CF0266-F5EF-4A0B-9759-D733FC17539B} = {5AA8B6B1-0F6C-473A-8077-A2B591952D0E}
		{98370A1A-2305-3AE1-8D6B-0841290DE59E} = {5AA8B6B1-0F6C-473A-8077-A2B591952D0E}
		{6CE77D8F-CD8A-4F8A-9F5E-DEADBB44BC49} = {E4841565-D83B-4195-90E1-95B3E7C3646B}
		{C52F9E7B-498A-42BE-8DB4-85A15694382A} = {6CE77D8F-CD8A-4F8A-9F5E-DEADBB44BC49}
		{48CDD9DC-E09F-4135-9C0C-4FE50C3C654B} = {6CE77D8F-CD8A-4F8A-9F5E-DEADBB44BC49}
		{5AA8B6B1-0F6C-473A-8077-A2B591952D0E} = {DF1F0DA0-2D54-485F-9AD9-908CA8300418}
		{07A64E55-DDE6-4462-B6DB-328CB4AF682E} = {DF1F0DA0-2D54-485F-9AD9-908CA8300418}
		{A0AFD9EC-79C8-36CE-B0E8-1B7699B493C9} = {07A64E55-DDE6-4462-B6DB-328CB4AF682E}
		{5407C005-395A-44EE-A0D9-0ADE1DA61912} = {07A64E55-DDE6-4462-B6DB-328CB4AF682E}
	EndGlobalSection
	GlobalSection(ExtensibilityGlobals) = postSolution
		SolutionGuid = {0A8CEE52-492A-4393-9DD8-1A14948800DE}
	EndGlobalSection
EndGlobal
